# This file was autogenerated by Stack.
# You should not edit this file by hand.
# For more information, please see the documentation at:
#   https://docs.haskellstack.org/en/stable/lock_files

packages:
- completed:
    hackage: streaming-postgresql-simple-0.2.0.5@sha256:d28787ba12a1da228eaac3156f71ace55e3baa6f5808fe8233162c431c09a158,1226
    pantry-tree:
      size: 305
      sha256: 8a0baf8422e00f03d5ba185fe1da9165685c9d5e9b99c2271287e8612dfc0199
  original:
    hackage: streaming-postgresql-simple-0.2.0.5
- completed:
    hackage: opaleye-0.6.7003.1@sha256:48ee3eb0cad7ce9f3d8e6edf07c47bd3eacd811c67fc5ab3a45275c3dbd702c7,5331
    pantry-tree:
      size: 4713
      sha256: 663332c25b96ffee3f20d39d82fb9b0f071d865c6b782d37688c68392ea3f590
  original:
    hackage: opaleye-0.6.7003.1
snapshots:
- completed:
    size: 565266
    url: https://raw.githubusercontent.com/commercialhaskell/stackage-snapshots/master/lts/17/5.yaml
    sha256: 78e8ebabf11406261abbc95b44f240acf71802630b368888f6d758de7fc3a2f7
  original: lts-17.5
